// !$*UTF8*$!
{
	archiveVersion = 1;
	classes = {
	};
	objectVersion = 46;
	objects = {

/* Begin PBXBuildFile section */
		8A03819C1E487B9A00369C34 /* photopicker_state_normal@2x.png in Resources */ = {isa = PBXBuildFile; fileRef = 8A03819B1E487B9A00369C34 /* photopicker_state_normal@2x.png */; };
		8A03819E1E487BA200369C34 /* photopicker_state_selected@2x.png in Resources */ = {isa = PBXBuildFile; fileRef = 8A03819D1E487BA200369C34 /* photopicker_state_selected@2x.png */; };
		8A130D211E45BE3B009CF91C /* PCAlbumListViewController.m in Sources */ = {isa = PBXBuildFile; fileRef = 8A130D201E45BE3B009CF91C /* PCAlbumListViewController.m */; };
		8A5A693B1E63FFAD00264858 /* PCCollectionReusableHeaderView.m in Sources */ = {isa = PBXBuildFile; fileRef = 8A5A693A1E63FFAD00264858 /* PCCollectionReusableHeaderView.m */; };
		8A8178541E442DB300DDC53D /* main.m in Sources */ = {isa = PBXBuildFile; fileRef = 8A8178531E442DB300DDC53D /* main.m */; };
		8A8178571E442DB300DDC53D /* AppDelegate.m in Sources */ = {isa = PBXBuildFile; fileRef = 8A8178561E442DB300DDC53D /* AppDelegate.m */; };
		8A81785A1E442DB300DDC53D /* ViewController.m in Sources */ = {isa = PBXBuildFile; fileRef = 8A8178591E442DB300DDC53D /* ViewController.m */; };
		8A81785D1E442DB300DDC53D /* Main.storyboard in Resources */ = {isa = PBXBuildFile; fileRef = 8A81785B1E442DB300DDC53D /* Main.storyboard */; };
		8A81785F1E442DB300DDC53D /* Assets.xcassets in Resources */ = {isa = PBXBuildFile; fileRef = 8A81785E1E442DB300DDC53D /* Assets.xcassets */; };
		8A8178621E442DB300DDC53D /* LaunchScreen.storyboard in Resources */ = {isa = PBXBuildFile; fileRef = 8A8178601E442DB300DDC53D /* LaunchScreen.storyboard */; };
		8A81786D1E442DB400DDC53D /* PCPhotoPickerTests.m in Sources */ = {isa = PBXBuildFile; fileRef = 8A81786C1E442DB400DDC53D /* PCPhotoPickerTests.m */; };
		8A8178781E442DB400DDC53D /* PCPhotoPickerUITests.m in Sources */ = {isa = PBXBuildFile; fileRef = 8A8178771E442DB400DDC53D /* PCPhotoPickerUITests.m */; };
		8A81788A1E442EA000DDC53D /* PCPhotoPickerController.m in Sources */ = {isa = PBXBuildFile; fileRef = 8A8178891E442EA000DDC53D /* PCPhotoPickerController.m */; };
		8AB125491E457C1000938446 /* PCAssetCell.m in Sources */ = {isa = PBXBuildFile; fileRef = 8AB125481E457C1000938446 /* PCAssetCell.m */; };
		8AB1254C1E45810900938446 /* ScrollBar.m in Sources */ = {isa = PBXBuildFile; fileRef = 8AB1254B1E45810900938446 /* ScrollBar.m */; };
		8AE3A8FC1E4456A000BBDBDC /* PCPhotoPickerHelper.m in Sources */ = {isa = PBXBuildFile; fileRef = 8AE3A8FB1E4456A000BBDBDC /* PCPhotoPickerHelper.m */; };
		8AE3A8FF1E4463DE00BBDBDC /* PCAlbumModel.m in Sources */ = {isa = PBXBuildFile; fileRef = 8AE3A8FE1E4463DE00BBDBDC /* PCAlbumModel.m */; };
		8AE3A9021E4467DB00BBDBDC /* PCAlbumCell.m in Sources */ = {isa = PBXBuildFile; fileRef = 8AE3A9011E4467DB00BBDBDC /* PCAlbumCell.m */; };
		8AE3A9051E446B6D00BBDBDC /* PCAssetModel.m in Sources */ = {isa = PBXBuildFile; fileRef = 8AE3A9041E446B6D00BBDBDC /* PCAssetModel.m */; };
/* End PBXBuildFile section */

/* Begin PBXContainerItemProxy section */
		8A8178691E442DB400DDC53D /* PBXContainerItemProxy */ = {
			isa = PBXContainerItemProxy;
			containerPortal = 8A8178471E442DB300DDC53D /* Project object */;
			proxyType = 1;
			remoteGlobalIDString = 8A81784E1E442DB300DDC53D;
			remoteInfo = PCPhotoPicker;
		};
		8A8178741E442DB400DDC53D /* PBXContainerItemProxy */ = {
			isa = PBXContainerItemProxy;
			containerPortal = 8A8178471E442DB300DDC53D /* Project object */;
			proxyType = 1;
			remoteGlobalIDString = 8A81784E1E442DB300DDC53D;
			remoteInfo = PCPhotoPicker;
		};
/* End PBXContainerItemProxy section */

/* Begin PBXFileReference section */
		8A03819B1E487B9A00369C34 /* photopicker_state_normal@2x.png */ = {isa = PBXFileReference; lastKnownFileType = image.png; path = "photopicker_state_normal@2x.png"; sourceTree = "<group>"; };
		8A03819D1E487BA200369C34 /* photopicker_state_selected@2x.png */ = {isa = PBXFileReference; lastKnownFileType = image.png; path = "photopicker_state_selected@2x.png"; sourceTree = "<group>"; };
		8A130D1F1E45BE3B009CF91C /* PCAlbumListViewController.h */ = {isa = PBXFileReference; fileEncoding = 4; lastKnownFileType = sourcecode.c.h; path = PCAlbumListViewController.h; sourceTree = "<group>"; };
		8A130D201E45BE3B009CF91C /* PCAlbumListViewController.m */ = {isa = PBXFileReference; fileEncoding = 4; lastKnownFileType = sourcecode.c.objc; path = PCAlbumListViewController.m; sourceTree = "<group>"; };
		8A5A69391E63FFAD00264858 /* PCCollectionReusableHeaderView.h */ = {isa = PBXFileReference; fileEncoding = 4; lastKnownFileType = sourcecode.c.h; path = PCCollectionReusableHeaderView.h; sourceTree = "<group>"; };
		8A5A693A1E63FFAD00264858 /* PCCollectionReusableHeaderView.m */ = {isa = PBXFileReference; fileEncoding = 4; lastKnownFileType = sourcecode.c.objc; path = PCCollectionReusableHeaderView.m; sourceTree = "<group>"; };
		8A81784F1E442DB300DDC53D /* PCPhotoPicker.app */ = {isa = PBXFileReference; explicitFileType = wrapper.application; includeInIndex = 0; path = PCPhotoPicker.app; sourceTree = BUILT_PRODUCTS_DIR; };
		8A8178531E442DB300DDC53D /* main.m */ = {isa = PBXFileReference; lastKnownFileType = sourcecode.c.objc; path = main.m; sourceTree = "<group>"; };
		8A8178551E442DB300DDC53D /* AppDelegate.h */ = {isa = PBXFileReference; lastKnownFileType = sourcecode.c.h; path = AppDelegate.h; sourceTree = "<group>"; };
		8A8178561E442DB300DDC53D /* AppDelegate.m */ = {isa = PBXFileReference; lastKnownFileType = sourcecode.c.objc; path = AppDelegate.m; sourceTree = "<group>"; };
		8A8178581E442DB300DDC53D /* ViewController.h */ = {isa = PBXFileReference; lastKnownFileType = sourcecode.c.h; path = ViewController.h; sourceTree = "<group>"; };
		8A8178591E442DB300DDC53D /* ViewController.m */ = {isa = PBXFileReference; lastKnownFileType = sourcecode.c.objc; path = ViewController.m; sourceTree = "<group>"; };
		8A81785C1E442DB300DDC53D /* Base */ = {isa = PBXFileReference; lastKnownFileType = file.storyboard; name = Base; path = Base.lproj/Main.storyboard; sourceTree = "<group>"; };
		8A81785E1E442DB300DDC53D /* Assets.xcassets */ = {isa = PBXFileReference; lastKnownFileType = folder.assetcatalog; path = Assets.xcassets; sourceTree = "<group>"; };
		8A8178611E442DB300DDC53D /* Base */ = {isa = PBXFileReference; lastKnownFileType = file.storyboard; name = Base; path = Base.lproj/LaunchScreen.storyboard; sourceTree = "<group>"; };
		8A8178631E442DB300DDC53D /* Info.plist */ = {isa = PBXFileReference; lastKnownFileType = text.plist.xml; path = Info.plist; sourceTree = "<group>"; };
		8A8178681E442DB400DDC53D /* PCPhotoPickerTests.xctest */ = {isa = PBXFileReference; explicitFileType = wrapper.cfbundle; includeInIndex = 0; path = PCPhotoPickerTests.xctest; sourceTree = BUILT_PRODUCTS_DIR; };
		8A81786C1E442DB400DDC53D /* PCPhotoPickerTests.m */ = {isa = PBXFileReference; lastKnownFileType = sourcecode.c.objc; path = PCPhotoPickerTests.m; sourceTree = "<group>"; };
		8A81786E1E442DB400DDC53D /* Info.plist */ = {isa = PBXFileReference; lastKnownFileType = text.plist.xml; path = Info.plist; sourceTree = "<group>"; };
		8A8178731E442DB400DDC53D /* PCPhotoPickerUITests.xctest */ = {isa = PBXFileReference; explicitFileType = wrapper.cfbundle; includeInIndex = 0; path = PCPhotoPickerUITests.xctest; sourceTree = BUILT_PRODUCTS_DIR; };
		8A8178771E442DB400DDC53D /* PCPhotoPickerUITests.m */ = {isa = PBXFileReference; lastKnownFileType = sourcecode.c.objc; path = PCPhotoPickerUITests.m; sourceTree = "<group>"; };
		8A8178791E442DB400DDC53D /* Info.plist */ = {isa = PBXFileReference; lastKnownFileType = text.plist.xml; path = Info.plist; sourceTree = "<group>"; };
		8A8178881E442EA000DDC53D /* PCPhotoPickerController.h */ = {isa = PBXFileReference; fileEncoding = 4; lastKnownFileType = sourcecode.c.h; path = PCPhotoPickerController.h; sourceTree = "<group>"; };
		8A8178891E442EA000DDC53D /* PCPhotoPickerController.m */ = {isa = PBXFileReference; fileEncoding = 4; lastKnownFileType = sourcecode.c.objc; path = PCPhotoPickerController.m; sourceTree = "<group>"; };
		8AB125471E457C1000938446 /* PCAssetCell.h */ = {isa = PBXFileReference; fileEncoding = 4; lastKnownFileType = sourcecode.c.h; path = PCAssetCell.h; sourceTree = "<group>"; };
		8AB125481E457C1000938446 /* PCAssetCell.m */ = {isa = PBXFileReference; fileEncoding = 4; lastKnownFileType = sourcecode.c.objc; path = PCAssetCell.m; sourceTree = "<group>"; };
		8AB1254A1E45810900938446 /* ScrollBar.h */ = {isa = PBXFileReference; fileEncoding = 4; lastKnownFileType = sourcecode.c.h; path = ScrollBar.h; sourceTree = "<group>"; };
		8AB1254B1E45810900938446 /* ScrollBar.m */ = {isa = PBXFileReference; fileEncoding = 4; lastKnownFileType = sourcecode.c.objc; path = ScrollBar.m; sourceTree = "<group>"; };
		8AE3A8FA1E4456A000BBDBDC /* PCPhotoPickerHelper.h */ = {isa = PBXFileReference; fileEncoding = 4; lastKnownFileType = sourcecode.c.h; path = PCPhotoPickerHelper.h; sourceTree = "<group>"; };
		8AE3A8FB1E4456A000BBDBDC /* PCPhotoPickerHelper.m */ = {isa = PBXFileReference; fileEncoding = 4; lastKnownFileType = sourcecode.c.objc; path = PCPhotoPickerHelper.m; sourceTree = "<group>"; };
		8AE3A8FD1E4463DE00BBDBDC /* PCAlbumModel.h */ = {isa = PBXFileReference; fileEncoding = 4; lastKnownFileType = sourcecode.c.h; path = PCAlbumModel.h; sourceTree = "<group>"; };
		8AE3A8FE1E4463DE00BBDBDC /* PCAlbumModel.m */ = {isa = PBXFileReference; fileEncoding = 4; lastKnownFileType = sourcecode.c.objc; path = PCAlbumModel.m; sourceTree = "<group>"; };
		8AE3A9001E4467DB00BBDBDC /* PCAlbumCell.h */ = {isa = PBXFileReference; fileEncoding = 4; lastKnownFileType = sourcecode.c.h; path = PCAlbumCell.h; sourceTree = "<group>"; };
		8AE3A9011E4467DB00BBDBDC /* PCAlbumCell.m */ = {isa = PBXFileReference; fileEncoding = 4; lastKnownFileType = sourcecode.c.objc; path = PCAlbumCell.m; sourceTree = "<group>"; };
		8AE3A9031E446B6D00BBDBDC /* PCAssetModel.h */ = {isa = PBXFileReference; fileEncoding = 4; lastKnownFileType = sourcecode.c.h; path = PCAssetModel.h; sourceTree = "<group>"; };
		8AE3A9041E446B6D00BBDBDC /* PCAssetModel.m */ = {isa = PBXFileReference; fileEncoding = 4; lastKnownFileType = sourcecode.c.objc; path = PCAssetModel.m; sourceTree = "<group>"; };
/* End PBXFileReference section */

/* Begin PBXFrameworksBuildPhase section */
		8A81784C1E442DB300DDC53D /* Frameworks */ = {
			isa = PBXFrameworksBuildPhase;
			buildActionMask = 2147483647;
			files = (
			);
			runOnlyForDeploymentPostprocessing = 0;
		};
		8A8178651E442DB400DDC53D /* Frameworks */ = {
			isa = PBXFrameworksBuildPhase;
			buildActionMask = 2147483647;
			files = (
			);
			runOnlyForDeploymentPostprocessing = 0;
		};
		8A8178701E442DB400DDC53D /* Frameworks */ = {
			isa = PBXFrameworksBuildPhase;
			buildActionMask = 2147483647;
			files = (
			);
			runOnlyForDeploymentPostprocessing = 0;
		};
/* End PBXFrameworksBuildPhase section */

/* Begin PBXGroup section */
		8A03819A1E487B6F00369C34 /* resource */ = {
			isa = PBXGroup;
			children = (
				8A03819B1E487B9A00369C34 /* photopicker_state_normal@2x.png */,
				8A03819D1E487BA200369C34 /* photopicker_state_selected@2x.png */,
			);
			path = resource;
			sourceTree = "<group>";
		};
		8A8178461E442DB300DDC53D = {
			isa = PBXGroup;
			children = (
				8A8178511E442DB300DDC53D /* PCPhotoPicker */,
				8A81786B1E442DB400DDC53D /* PCPhotoPickerTests */,
				8A8178761E442DB400DDC53D /* PCPhotoPickerUITests */,
				8A8178501E442DB300DDC53D /* Products */,
			);
			sourceTree = "<group>";
		};
		8A8178501E442DB300DDC53D /* Products */ = {
			isa = PBXGroup;
			children = (
				8A81784F1E442DB300DDC53D /* PCPhotoPicker.app */,
				8A8178681E442DB400DDC53D /* PCPhotoPickerTests.xctest */,
				8A8178731E442DB400DDC53D /* PCPhotoPickerUITests.xctest */,
			);
			name = Products;
			sourceTree = "<group>";
		};
		8A8178511E442DB300DDC53D /* PCPhotoPicker */ = {
			isa = PBXGroup;
			children = (
				8A03819A1E487B6F00369C34 /* resource */,
				8A8178871E442E6600DDC53D /* ViewController */,
				8A8178861E442E5B00DDC53D /* model */,
				8A8178851E442E4A00DDC53D /* views */,
				8A8178551E442DB300DDC53D /* AppDelegate.h */,
				8A8178561E442DB300DDC53D /* AppDelegate.m */,
				8A8178581E442DB300DDC53D /* ViewController.h */,
				8A8178591E442DB300DDC53D /* ViewController.m */,
				8A81785B1E442DB300DDC53D /* Main.storyboard */,
				8A81785E1E442DB300DDC53D /* Assets.xcassets */,
				8A8178601E442DB300DDC53D /* LaunchScreen.storyboard */,
				8A8178631E442DB300DDC53D /* Info.plist */,
				8A8178521E442DB300DDC53D /* Supporting Files */,
				8AE3A8FA1E4456A000BBDBDC /* PCPhotoPickerHelper.h */,
				8AE3A8FB1E4456A000BBDBDC /* PCPhotoPickerHelper.m */,
			);
			path = PCPhotoPicker;
			sourceTree = "<group>";
		};
		8A8178521E442DB300DDC53D /* Supporting Files */ = {
			isa = PBXGroup;
			children = (
				8A8178531E442DB300DDC53D /* main.m */,
			);
			name = "Supporting Files";
			sourceTree = "<group>";
		};
		8A81786B1E442DB400DDC53D /* PCPhotoPickerTests */ = {
			isa = PBXGroup;
			children = (
				8A81786C1E442DB400DDC53D /* PCPhotoPickerTests.m */,
				8A81786E1E442DB400DDC53D /* Info.plist */,
			);
			path = PCPhotoPickerTests;
			sourceTree = "<group>";
		};
		8A8178761E442DB400DDC53D /* PCPhotoPickerUITests */ = {
			isa = PBXGroup;
			children = (
				8A8178771E442DB400DDC53D /* PCPhotoPickerUITests.m */,
				8A8178791E442DB400DDC53D /* Info.plist */,
			);
			path = PCPhotoPickerUITests;
			sourceTree = "<group>";
		};
		8A8178851E442E4A00DDC53D /* views */ = {
			isa = PBXGroup;
			children = (
				8AE3A9001E4467DB00BBDBDC /* PCAlbumCell.h */,
				8AE3A9011E4467DB00BBDBDC /* PCAlbumCell.m */,
				8AB125471E457C1000938446 /* PCAssetCell.h */,
				8AB125481E457C1000938446 /* PCAssetCell.m */,
				8AB1254A1E45810900938446 /* ScrollBar.h */,
				8AB1254B1E45810900938446 /* ScrollBar.m */,
				8A5A69391E63FFAD00264858 /* PCCollectionReusableHeaderView.h */,
				8A5A693A1E63FFAD00264858 /* PCCollectionReusableHeaderView.m */,
			);
			path = views;
			sourceTree = "<group>";
		};
		8A8178861E442E5B00DDC53D /* model */ = {
			isa = PBXGroup;
			children = (
				8AE3A8FD1E4463DE00BBDBDC /* PCAlbumModel.h */,
				8AE3A8FE1E4463DE00BBDBDC /* PCAlbumModel.m */,
				8AE3A9031E446B6D00BBDBDC /* PCAssetModel.h */,
				8AE3A9041E446B6D00BBDBDC /* PCAssetModel.m */,
			);
			path = model;
			sourceTree = "<group>";
		};
		8A8178871E442E6600DDC53D /* ViewController */ = {
			isa = PBXGroup;
			children = (
				8A8178881E442EA000DDC53D /* PCPhotoPickerController.h */,
				8A8178891E442EA000DDC53D /* PCPhotoPickerController.m */,
				8A130D1F1E45BE3B009CF91C /* PCAlbumListViewController.h */,
				8A130D201E45BE3B009CF91C /* PCAlbumListViewController.m */,
			);
			path = ViewController;
			sourceTree = "<group>";
		};
/* End PBXGroup section */

/* Begin PBXNativeTarget section */
		8A81784E1E442DB300DDC53D /* PCPhotoPicker */ = {
			isa = PBXNativeTarget;
			buildConfigurationList = 8A81787C1E442DB400DDC53D /* Build configuration list for PBXNativeTarget "PCPhotoPicker" */;
			buildPhases = (
				8A81784B1E442DB300DDC53D /* Sources */,
				8A81784C1E442DB300DDC53D /* Frameworks */,
				8A81784D1E442DB300DDC53D /* Resources */,
			);
			buildRules = (
			);
			dependencies = (
			);
			name = PCPhotoPicker;
			productName = PCPhotoPicker;
			productReference = 8A81784F1E442DB300DDC53D /* PCPhotoPicker.app */;
			productType = "com.apple.product-type.application";
		};
		8A8178671E442DB400DDC53D /* PCPhotoPickerTests */ = {
			isa = PBXNativeTarget;
			buildConfigurationList = 8A81787F1E442DB400DDC53D /* Build configuration list for PBXNativeTarget "PCPhotoPickerTests" */;
			buildPhases = (
				8A8178641E442DB400DDC53D /* Sources */,
				8A8178651E442DB400DDC53D /* Frameworks */,
				8A8178661E442DB400DDC53D /* Resources */,
			);
			buildRules = (
			);
			dependencies = (
				8A81786A1E442DB400DDC53D /* PBXTargetDependency */,
			);
			name = PCPhotoPickerTests;
			productName = PCPhotoPickerTests;
			productReference = 8A8178681E442DB400DDC53D /* PCPhotoPickerTests.xctest */;
			productType = "com.apple.product-type.bundle.unit-test";
		};
		8A8178721E442DB400DDC53D /* PCPhotoPickerUITests */ = {
			isa = PBXNativeTarget;
			buildConfigurationList = 8A8178821E442DB400DDC53D /* Build configuration list for PBXNativeTarget "PCPhotoPickerUITests" */;
			buildPhases = (
				8A81786F1E442DB400DDC53D /* Sources */,
				8A8178701E442DB400DDC53D /* Frameworks */,
				8A8178711E442DB400DDC53D /* Resources */,
			);
			buildRules = (
			);
			dependencies = (
				8A8178751E442DB400DDC53D /* PBXTargetDependency */,
			);
			name = PCPhotoPickerUITests;
			productName = PCPhotoPickerUITests;
			productReference = 8A8178731E442DB400DDC53D /* PCPhotoPickerUITests.xctest */;
			productType = "com.apple.product-type.bundle.ui-testing";
		};
/* End PBXNativeTarget section */

/* Begin PBXProject section */
		8A8178471E442DB300DDC53D /* Project object */ = {
			isa = PBXProject;
			attributes = {
				LastUpgradeCheck = 0800;
				ORGANIZATIONNAME = "陈 荫华";
				TargetAttributes = {
					8A81784E1E442DB300DDC53D = {
						CreatedOnToolsVersion = 8.0;
						DevelopmentTeam = W5RF8VBRFF;
						ProvisioningStyle = Automatic;
					};
					8A8178671E442DB400DDC53D = {
						CreatedOnToolsVersion = 8.0;
						DevelopmentTeam = W5RF8VBRFF;
						ProvisioningStyle = Automatic;
						TestTargetID = 8A81784E1E442DB300DDC53D;
					};
					8A8178721E442DB400DDC53D = {
						CreatedOnToolsVersion = 8.0;
						DevelopmentTeam = W5RF8VBRFF;
						ProvisioningStyle = Automatic;
						TestTargetID = 8A81784E1E442DB300DDC53D;
					};
				};
			};
			buildConfigurationList = 8A81784A1E442DB300DDC53D /* Build configuration list for PBXProject "PCPhotoPicker" */;
			compatibilityVersion = "Xcode 3.2";
			developmentRegion = English;
			hasScannedForEncodings = 0;
			knownRegions = (
				en,
				Base,
			);
			mainGroup = 8A8178461E442DB300DDC53D;
			productRefGroup = 8A8178501E442DB300DDC53D /* Products */;
			projectDirPath = "";
			projectRoot = "";
			targets = (
				8A81784E1E442DB300DDC53D /* PCPhotoPicker */,
				8A8178671E442DB400DDC53D /* PCPhotoPickerTests */,
				8A8178721E442DB400DDC53D /* PCPhotoPickerUITests */,
			);
		};
/* End PBXProject section */

/* Begin PBXResourcesBuildPhase section */
		8A81784D1E442DB300DDC53D /* Resources */ = {
			isa = PBXResourcesBuildPhase;
			buildActionMask = 2147483647;
			files = (
				8A03819C1E487B9A00369C34 /* photopicker_state_normal@2x.png in Resources */,
				8A8178621E442DB300DDC53D /* LaunchScreen.storyboard in Resources */,
				8A81785F1E442DB300DDC53D /* Assets.xcassets in Resources */,
				8A81785D1E442DB300DDC53D /* Main.storyboard in Resources */,
				8A03819E1E487BA200369C34 /* photopicker_state_selected@2x.png in Resources */,
			);
			runOnlyForDeploymentPostprocessing = 0;
		};
		8A8178661E442DB400DDC53D /* Resources */ = {
			isa = PBXResourcesBuildPhase;
			buildActionMask = 2147483647;
			files = (
			);
			runOnlyForDeploymentPostprocessing = 0;
		};
		8A8178711E442DB400DDC53D /* Resources */ = {
			isa = PBXResourcesBuildPhase;
			buildActionMask = 2147483647;
			files = (
			);
			runOnlyForDeploymentPostprocessing = 0;
		};
/* End PBXResourcesBuildPhase section */

/* Begin PBXSourcesBuildPhase section */
		8A81784B1E442DB300DDC53D /* Sources */ = {
			isa = PBXSourcesBuildPhase;
			buildActionMask = 2147483647;
			files = (
				8AE3A9051E446B6D00BBDBDC /* PCAssetModel.m in Sources */,
				8AB125491E457C1000938446 /* PCAssetCell.m in Sources */,
				8A130D211E45BE3B009CF91C /* PCAlbumListViewController.m in Sources */,
				8AB1254C1E45810900938446 /* ScrollBar.m in Sources */,
				8A81785A1E442DB300DDC53D /* ViewController.m in Sources */,
				8A8178571E442DB300DDC53D /* AppDelegate.m in Sources */,
				8AE3A8FC1E4456A000BBDBDC /* PCPhotoPickerHelper.m in Sources */,
				8AE3A9021E4467DB00BBDBDC /* PCAlbumCell.m in Sources */,
				8A8178541E442DB300DDC53D /* main.m in Sources */,
				8A81788A1E442EA000DDC53D /* PCPhotoPickerController.m in Sources */,
				8A5A693B1E63FFAD00264858 /* PCCollectionReusableHeaderView.m in Sources */,
				8AE3A8FF1E4463DE00BBDBDC /* PCAlbumModel.m in Sources */,
			);
			runOnlyForDeploymentPostprocessing = 0;
		};
		8A8178641E442DB400DDC53D /* Sources */ = {
			isa = PBXSourcesBuildPhase;
			buildActionMask = 2147483647;
			files = (
				8A81786D1E442DB400DDC53D /* PCPhotoPickerTests.m in Sources */,
			);
			runOnlyForDeploymentPostprocessing = 0;
		};
		8A81786F1E442DB400DDC53D /* Sources */ = {
			isa = PBXSourcesBuildPhase;
			buildActionMask = 2147483647;
			files = (
				8A8178781E442DB400DDC53D /* PCPhotoPickerUITests.m in Sources */,
			);
			runOnlyForDeploymentPostprocessing = 0;
		};
/* End PBXSourcesBuildPhase section */

/* Begin PBXTargetDependency section */
		8A81786A1E442DB400DDC53D /* PBXTargetDependency */ = {
			isa = PBXTargetDependency;
			target = 8A81784E1E442DB300DDC53D /* PCPhotoPicker */;
			targetProxy = 8A8178691E442DB400DDC53D /* PBXContainerItemProxy */;
		};
		8A8178751E442DB400DDC53D /* PBXTargetDependency */ = {
			isa = PBXTargetDependency;
			target = 8A81784E1E442DB300DDC53D /* PCPhotoPicker */;
			targetProxy = 8A8178741E442DB400DDC53D /* PBXContainerItemProxy */;
		};
/* End PBXTargetDependency section */

/* Begin PBXVariantGroup section */
		8A81785B1E442DB300DDC53D /* Main.storyboard */ = {
			isa = PBXVariantGroup;
			children = (
				8A81785C1E442DB300DDC53D /* Base */,
			);
			name = Main.storyboard;
			sourceTree = "<group>";
		};
		8A8178601E442DB300DDC53D /* LaunchScreen.storyboard */ = {
			isa = PBXVariantGroup;
			children = (
				8A8178611E442DB300DDC53D /* Base */,
			);
			name = LaunchScreen.storyboard;
			sourceTree = "<group>";
		};
/* End PBXVariantGroup section */

/* Begin XCBuildConfiguration section */
		8A81787A1E442DB400DDC53D /* Debug */ = {
			isa = XCBuildConfiguration;
			buildSettings = {
				ALWAYS_SEARCH_USER_PATHS = NO;
				CLANG_ANALYZER_NONNULL = YES;
				CLANG_CXX_LANGUAGE_STANDARD = "gnu++0x";
				CLANG_CXX_LIBRARY = "libc++";
				CLANG_ENABLE_MODULES = YES;
				CLANG_ENABLE_OBJC_ARC = YES;
				CLANG_WARN_BOOL_CONVERSION = YES;
				CLANG_WARN_CONSTANT_CONVERSION = YES;
				CLANG_WARN_DIRECT_OBJC_ISA_USAGE = YES_ERROR;
				CLANG_WARN_DOCUMENTATION_COMMENTS = YES;
				CLANG_WARN_EMPTY_BODY = YES;
				CLANG_WARN_ENUM_CONVERSION = YES;
				CLANG_WARN_INFINITE_RECURSION = YES;
				CLANG_WARN_INT_CONVERSION = YES;
				CLANG_WARN_OBJC_ROOT_CLASS = YES_ERROR;
				CLANG_WARN_SUSPICIOUS_MOVES = YES;
				CLANG_WARN_UNREACHABLE_CODE = YES;
				CLANG_WARN__DUPLICATE_METHOD_MATCH = YES;
				"CODE_SIGN_IDENTITY[sdk=iphoneos*]" = "iPhone Developer";
				COPY_PHASE_STRIP = NO;
				DEBUG_INFORMATION_FORMAT = dwarf;
				ENABLE_STRICT_OBJC_MSGSEND = YES;
				ENABLE_TESTABILITY = YES;
				GCC_C_LANGUAGE_STANDARD = gnu99;
				GCC_DYNAMIC_NO_PIC = NO;
				GCC_NO_COMMON_BLOCKS = YES;
				GCC_OPTIMIZATION_LEVEL = 0;
				GCC_PREPROCESSOR_DEFINITIONS = (
					"DEBUG=1",
					"$(inherited)",
				);
				GCC_WARN_64_TO_32_BIT_CONVERSION = YES;
				GCC_WARN_ABOUT_RETURN_TYPE = YES_ERROR;
				GCC_WARN_UNDECLARED_SELECTOR = YES;
				GCC_WARN_UNINITIALIZED_AUTOS = YES_AGGRESSIVE;
				GCC_WARN_UNUSED_FUNCTION = YES;
				GCC_WARN_UNUSED_VARIABLE = YES;
				IPHONEOS_DEPLOYMENT_TARGET = 10.0;
				MTL_ENABLE_DEBUG_INFO = YES;
				ONLY_ACTIVE_ARCH = YES;
				SDKROOT = iphoneos;
			};
			name = Debug;
		};
		8A81787B1E442DB400DDC53D /* Release */ = {
			isa = XCBuildConfiguration;
			buildSettings = {
				ALWAYS_SEARCH_USER_PATHS = NO;
				CLANG_ANALYZER_NONNULL = YES;
				CLANG_CXX_LANGUAGE_STANDARD = "gnu++0x";
				CLANG_CXX_LIBRARY = "libc++";
				CLANG_ENABLE_MODULES = YES;
				CLANG_ENABLE_OBJC_ARC = YES;
				CLANG_WARN_BOOL_CONVERSION = YES;
				CLANG_WARN_CONSTANT_CONVERSION = YES;
				CLANG_WARN_DIRECT_OBJC_ISA_USAGE = YES_ERROR;
				CLANG_WARN_DOCUMENTATION_COMMENTS = YES;
				CLANG_WARN_EMPTY_BODY = YES;
				CLANG_WARN_ENUM_CONVERSION = YES;
				CLANG_WARN_INFINITE_RECURSION = YES;
				CLANG_WARN_INT_CONVERSION = YES;
				CLANG_WARN_OBJC_ROOT_CLASS = YES_ERROR;
				CLANG_WARN_SUSPICIOUS_MOVES = YES;
				CLANG_WARN_UNREACHABLE_CODE = YES;
				CLANG_WARN__DUPLICATE_METHOD_MATCH = YES;
				"CODE_SIGN_IDENTITY[sdk=iphoneos*]" = "iPhone Developer";
				COPY_PHASE_STRIP = NO;
				DEBUG_INFORMATION_FORMAT = "dwarf-with-dsym";
				ENABLE_NS_ASSERTIONS = NO;
				ENABLE_STRICT_OBJC_MSGSEND = YES;
				GCC_C_LANGUAGE_STANDARD = gnu99;
				GCC_NO_COMMON_BLOCKS = YES;
				GCC_WARN_64_TO_32_BIT_CONVERSION = YES;
				GCC_WARN_ABOUT_RETURN_TYPE = YES_ERROR;
				GCC_WARN_UNDECLARED_SELECTOR = YES;
				GCC_WARN_UNINITIALIZED_AUTOS = YES_AGGRESSIVE;
				GCC_WARN_UNUSED_FUNCTION = YES;
				GCC_WARN_UNUSED_VARIABLE = YES;
				IPHONEOS_DEPLOYMENT_TARGET = 10.0;
				MTL_ENABLE_DEBUG_INFO = NO;
				SDKROOT = iphoneos;
				VALIDATE_PRODUCT = YES;
			};
			name = Release;
		};
		8A81787D1E442DB400DDC53D /* Debug */ = {
			isa = XCBuildConfiguration;
			buildSettings = {
				ASSETCATALOG_COMPILER_APPICON_NAME = AppIcon;
				DEBUG_ACTIVITY_MODE = "";
				"DEBUG_ACTIVITY_MODE[sdk=iphonesimulator*]" = disable;
				DEVELOPMENT_TEAM = W5RF8VBRFF;
				INFOPLIST_FILE = PCPhotoPicker/Info.plist;
				IPHONEOS_DEPLOYMENT_TARGET = 8.0;
				LD_RUNPATH_SEARCH_PATHS = "$(inherited) @executable_path/Frameworks";
				PRODUCT_BUNDLE_IDENTIFIER = shenda.PCPhotoPicker;
				PRODUCT_NAME = "$(TARGET_NAME)";
			};
			name = Debug;
		};
		8A81787E1E442DB400DDC53D /* Release */ = {
			isa = XCBuildConfiguration;
			buildSettings = {
				ASSETCATALOG_COMPILER_APPICON_NAME = AppIcon;
				DEBUG_ACTIVITY_MODE = "";
				DEVELOPMENT_TEAM = W5RF8VBRFF;
				INFOPLIST_FILE = PCPhotoPicker/Info.plist;
				IPHONEOS_DEPLOYMENT_TARGET = 8.0;
				LD_RUNPATH_SEARCH_PATHS = "$(inherited) @executable_path/Frameworks";
				PRODUCT_BUNDLE_IDENTIFIER = shenda.PCPhotoPicker;
				PRODUCT_NAME = "$(TARGET_NAME)";
			};
			name = Release;
		};
		8A8178801E442DB400DDC53D /* Debug */ = {
			isa = XCBuildConfiguration;
			buildSettings = {
				BUNDLE_LOADER = "$(TEST_HOST)";
				DEVELOPMENT_TEAM = W5RF8VBRFF;
				INFOPLIST_FILE = PCPhotoPickerTests/Info.plist;
				LD_RUNPATH_SEARCH_PATHS = "$(inherited) @executable_path/Frameworks @loader_path/Frameworks";
				PRODUCT_BUNDLE_IDENTIFIER = shenda.PCPhotoPickerTests;
				PRODUCT_NAME = "$(TARGET_NAME)";
				TEST_HOST = "$(BUILT_PRODUCTS_DIR)/PCPhotoPicker.app/PCPhotoPicker";
			};
			name = Debug;
		};
		8A8178811E442DB400DDC53D /* Release */ = {
			isa = XCBuildConfiguration;
			buildSettings = {
				BUNDLE_LOADER = "$(TEST_HOST)";
				DEVELOPMENT_TEAM = W5RF8VBRFF;
				INFOPLIST_FILE = PCPhotoPickerTests/Info.plist;
				LD_RUNPATH_SEARCH_PATHS = "$(inherited) @executable_path/Frameworks @loader_path/Frameworks";
				PRODUCT_BUNDLE_IDENTIFIER = shenda.PCPhotoPickerTests;
				PRODUCT_NAME = "$(TARGET_NAME)";
				TEST_HOST = "$(BUILT_PRODUCTS_DIR)/PCPhotoPicker.app/PCPhotoPicker";
			};
			name = Release;
		};
		8A8178831E442DB400DDC53D /* Debug */ = {
			isa = XCBuildConfiguration;
			buildSettings = {
				DEVELOPMENT_TEAM = W5RF8VBRFF;
				INFOPLIST_FILE = PCPhotoPickerUITests/Info.plist;
				LD_RUNPATH_SEARCH_PATHS = "$(inherited) @executable_path/Frameworks @loader_path/Frameworks";
				PRODUCT_BUNDLE_IDENTIFIER = shenda.PCPhotoPickerUITests;
				PRODUCT_NAME = "$(TARGET_NAME)";
				TEST_TARGET_NAME = PCPhotoPicker;
			};
			name = Debug;
		};
		8A8178841E442DB400DDC53D /* Release */ = {
			isa = XCBuildConfiguration;
			buildSettings = {
				DEVELOPMENT_TEAM = W5RF8VBRFF;
				INFOPLIST_FILE = PCPhotoPickerUITests/Info.plist;
				LD_RUNPATH_SEARCH_PATHS = "$(inherited) @executable_path/Frameworks @loader_path/Frameworks";
				PRODUCT_BUNDLE_IDENTIFIER = shenda.PCPhotoPickerUITests;
				PRODUCT_NAME = "$(TARGET_NAME)";
				TEST_TARGET_NAME = PCPhotoPicker;
			};
			name = Release;
		};
/* End XCBuildConfiguration section */

/* Begin XCConfigurationList section */
		8A81784A1E442DB300DDC53D /* Build configuration list for PBXProject "PCPhotoPicker" */ = {
			isa = XCConfigurationList;
			buildConfigurations = (
				8A81787A1E442DB400DDC53D /* Debug */,
				8A81787B1E442DB400DDC53D /* Release */,
			);
			defaultConfigurationIsVisible = 0;
			defaultConfigurationName = Release;
		};
		8A81787C1E442DB400DDC53D /* Build configuration list for PBXNativeTarget "PCPhotoPicker" */ = {
			isa = XCConfigurationList;
			buildConfigurations = (
				8A81787D1E442DB400DDC53D /* Debug */,
				8A81787E1E442DB400DDC53D /* Release */,
			);
			defaultConfigurationIsVisible = 0;
			defaultConfigurationName = Release;
		};
		8A81787F1E442DB400DDC53D /* Build configuration list for PBXNativeTarget "PCPhotoPickerTests" */ = {
			isa = XCConfigurationList;
			buildConfigurations = (
				8A8178801E442DB400DDC53D /* Debug */,
				8A8178811E442DB400DDC53D /* Release */,
			);
			defaultConfigurationIsVisible = 0;
			defaultConfigurationName = Release;
		};
		8A8178821E442DB400DDC53D /* Build configuration list for PBXNativeTarget "PCPhotoPickerUITests" */ = {
			isa = XCConfigurationList;
			buildConfigurations = (
				8A8178831E442DB400DDC53D /* Debug */,
				8A8178841E442DB400DDC53D /* Release */,
			);
			defaultConfigurationIsVisible = 0;
			defaultConfigurationName = Release;
		};
/* End XCConfigurationList section */
	};
	rootObject = 8A8178471E442DB300DDC53D /* Project object */;
}
